# This file is automatically @generated by Cargo.
# It is not intended for manual editing.
version = 3

[[package]]
name = "sample-cargo-app"
version = "0.1.0"
dependencies = [
 "serde 1.0.197",
 "tokio 1.36.0",
]

[[package]]
name = "bytes"
version = "1.5.0"
source = "registry+https://github.com/rust-lang/crates.io-index"
checksum = "a2fad1a158eb290436525940784291e7e725402c66cb36ddce0de44d88883ddc"

[[package]]
name = "mio"
version = "0.8.10"
source = "registry+https://github.com/rust-lang/crates.io-index"
checksum = "8f3d0b296e374a4e6f3c7b0a1f5a51d748a0d34c85e7dc48fc3fa9a87657fe09"
dependencies = [
 "libc",
]

[[package]]
name = "libc"
version = "0.2.153"
source = "registry+https://github.com/rust-lang/crates.io-index"
checksum = "9c198f91728a82281a64e1f4f9eeb25d82cb32a5de571c3fa1b9f5f6d453b664"

[[package]]
name = "serde"
version = "1.0.197"
source = "registry+https://github.com/rust-lang/crates.io-index"
checksum = "3fb1c873e1b9b056a4dc4c0c198b24c3ffa059243875552b2bd0933b1aee4ce2"
dependencies = [
 "serde_derive",
]

[[package]]
name = "serde"
version = "0.9.0"
source = "registry+https://github.com/rust-lang/crates.io-index"
checksum = "abcdef123456"

[[package]]
name = "serde_derive"
version = "1.0.197"
source = "registry+https://github.com/rust-lang/crates.io-index"
checksum = "7eb0b34b42b4481b68c4960b58107445f105f5c8982e078fa53150f836eb57fe"

[[package]]
name = "tokio"
version = "1.36.0"
source = "registry+https://github.com/rust-lang/crates.io-index"
checksum = "93456f72da8146edfc9d8a9641252d242e04f704ee58c70fb05acfb1acef910a"
dependencies = [
 "bytes",
 "mio",
]
